
Microsoft Visual Studio Solution File, Format Version 12.00
# Visual Studio 2017
Project("{FAE04EC0-301F-11D3-BF4B-00C04F79EFBC}") = "ldjam39", "ldjam39.csproj", "{FAFCB42F-E993-EE43-C61A-898F0E633180}"
EndProject
Global
	GlobalSection(SolutionConfigurationPlatforms) = preSolution
		Debug|Any CPU = Debug|Any CPU
		Release|Any CPU = Release|Any CPU
	EndGlobalSection
	GlobalSection(ProjectConfigurationPlatforms) = postSolution
		{FAFCB42F-E993-EE43-C61A-898F0E633180}.Debug|Any CPU.ActiveCfg = Debug|Any CPU
		{FAFCB42F-E993-EE43-C61A-898F0E633180}.Debug|Any CPU.Build.0 = Debug|Any CPU
		{FAFCB42F-E993-EE43-C61A-898F0E633180}.Release|Any CPU.ActiveCfg = Release|Any CPU
		{FAFCB42F-E993-EE43-C61A-898F0E633180}.Release|Any CPU.Build.0 = Release|Any CPU
	EndGlobalSection
	GlobalSection(SolutionProperties) = preSolution
		HideSolutionNode = FALSE
	EndGlobalSection
EndGlobal
